
Microsoft Visual Studio Solution File, Format Version 12.00
# Visual Studio Version 16
VisualStudioVersion = 16.0.35425.106
MinimumVisualStudioVersion = 10.0.40219.1
Project("{FAE04EC0-301F-11D3-BF4B-00C04F79EFBC}") = "Rfid.Reader", "Rfid.Reader.csproj", "{0EEC9C5A-DCD7-41A9-AA5A-46B4C0E2EE84}"
EndProject
Global
	GlobalSection(SolutionConfigurationPlatforms) = preSolution
		Debug|Any CPU = Debug|Any CPU
		Release|Any CPU = Release|Any CPU
	EndGlobalSection
	GlobalSection(ProjectConfigurationPlatforms) = postSolution
		{0EEC9C5A-DCD7-41A9-AA5A-46B4C0E2EE84}.Debug|Any CPU.ActiveCfg = Debug|Any CPU
		{0EEC9C5A-DCD7-41A9-AA5A-46B4C0E2EE84}.Debug|Any CPU.Build.0 = Debug|Any CPU
		{0EEC9C5A-DCD7-41A9-AA5A-46B4C0E2EE84}.Release|Any CPU.ActiveCfg = Release|Any CPU
		{0EEC9C5A-DCD7-41A9-AA5A-46B4C0E2EE84}.Release|Any CPU.Build.0 = Release|Any CPU
	EndGlobalSection
	GlobalSection(SolutionProperties) = preSolution
		HideSolutionNode = FALSE
	EndGlobalSection
	GlobalSection(ExtensibilityGlobals) = postSolution
		SolutionGuid = {02F24223-9C29-4863-A141-191EDEE539F4}
	EndGlobalSection
EndGlobal
